
Microsoft Visual Studio Solution File, Format Version 12.00
# Visual Studio Version 17
VisualStudioVersion = 17.9.34902.65
MinimumVisualStudioVersion = 10.0.40219.1
Project("{9A19103F-16F7-4668-BE54-9A1E7A4F7556}") = "silicon-profileProvider", "silicon-profileProvider\silicon-profileProvider.csproj", "{B6D7E71B-CC26-4B66-95D7-84419D59F8A9}"
EndProject
Project("{9A19103F-16F7-4668-BE54-9A1E7A4F7556}") = "Data", "Data\Data.csproj", "{6DEF51DC-B460-497C-B9ED-EBA536E9E234}"
EndProject
Global
	GlobalSection(SolutionConfigurationPlatforms) = preSolution
		Debug|Any CPU = Debug|Any CPU
		Release|Any CPU = Release|Any CPU
	EndGlobalSection
	GlobalSection(ProjectConfigurationPlatforms) = postSolution
		{B6D7E71B-CC26-4B66-95D7-84419D59F8A9}.Debug|Any CPU.ActiveCfg = Debug|Any CPU
		{B6D7E71B-CC26-4B66-95D7-84419D59F8A9}.Debug|Any CPU.Build.0 = Debug|Any CPU
		{B6D7E71B-CC26-4B66-95D7-84419D59F8A9}.Release|Any CPU.ActiveCfg = Release|Any CPU
		{B6D7E71B-CC26-4B66-95D7-84419D59F8A9}.Release|Any CPU.Build.0 = Release|Any CPU
		{6DEF51DC-B460-497C-B9ED-EBA536E9E234}.Debug|Any CPU.ActiveCfg = Debug|Any CPU
		{6DEF51DC-B460-497C-B9ED-EBA536E9E234}.Debug|Any CPU.Build.0 = Debug|Any CPU
		{6DEF51DC-B460-497C-B9ED-EBA536E9E234}.Release|Any CPU.ActiveCfg = Release|Any CPU
		{6DEF51DC-B460-497C-B9ED-EBA536E9E234}.Release|Any CPU.Build.0 = Release|Any CPU
	EndGlobalSection
	GlobalSection(SolutionProperties) = preSolution
		HideSolutionNode = FALSE
	EndGlobalSection
	GlobalSection(ExtensibilityGlobals) = postSolution
		SolutionGuid = {ECCA0DF2-80CD-41FD-B090-AB1CFEBB352C}
	EndGlobalSection
EndGlobal
